
Microsoft Visual Studio Solution File, Format Version 12.00
# Visual Studio Version 17
VisualStudioVersion = 17.11.35208.52
MinimumVisualStudioVersion = 10.0.40219.1
Project("{9A19103F-16F7-4668-BE54-9A1E7A4F7556}") = "WineParser.Web", "WineParser.Web\WineParser.Web.csproj", "{F6EF0282-9D57-437B-A1ED-4185054573BD}"
EndProject
Project("{9A19103F-16F7-4668-BE54-9A1E7A4F7556}") = "WineParser.Core", "WineParser.Core\WineParser.Core.csproj", "{4ED093B5-BB6A-48A1-BA2D-5ED68DF0D95B}"
EndProject
Global
	GlobalSection(SolutionConfigurationPlatforms) = preSolution
		Debug|Any CPU = Debug|Any CPU
		Release|Any CPU = Release|Any CPU
	EndGlobalSection
	GlobalSection(ProjectConfigurationPlatforms) = postSolution
		{F6EF0282-9D57-437B-A1ED-4185054573BD}.Debug|Any CPU.ActiveCfg = Debug|Any CPU
		{F6EF0282-9D57-437B-A1ED-4185054573BD}.Debug|Any CPU.Build.0 = Debug|Any CPU
		{F6EF0282-9D57-437B-A1ED-4185054573BD}.Release|Any CPU.ActiveCfg = Release|Any CPU
		{F6EF0282-9D57-437B-A1ED-4185054573BD}.Release|Any CPU.Build.0 = Release|Any CPU
		{4ED093B5-BB6A-48A1-BA2D-5ED68DF0D95B}.Debug|Any CPU.ActiveCfg = Debug|Any CPU
		{4ED093B5-BB6A-48A1-BA2D-5ED68DF0D95B}.Debug|Any CPU.Build.0 = Debug|Any CPU
		{4ED093B5-BB6A-48A1-BA2D-5ED68DF0D95B}.Release|Any CPU.ActiveCfg = Release|Any CPU
		{4ED093B5-BB6A-48A1-BA2D-5ED68DF0D95B}.Release|Any CPU.Build.0 = Release|Any CPU
	EndGlobalSection
	GlobalSection(SolutionProperties) = preSolution
		HideSolutionNode = FALSE
	EndGlobalSection
	GlobalSection(ExtensibilityGlobals) = postSolution
		SolutionGuid = {ECFE338A-416B-45B9-BD30-1E6796AD599B}
	EndGlobalSection
EndGlobal
