
Microsoft Visual Studio Solution File, Format Version 12.00
# Visual Studio Version 17
VisualStudioVersion = 17.11.35208.52
MinimumVisualStudioVersion = 10.0.40219.1
Project("{9A19103F-16F7-4668-BE54-9A1E7A4F7556}") = "WineParser.Core", "WineParser.Core\WineParser.Core.csproj", "{4ED093B5-BB6A-48A1-BA2D-5ED68DF0D95B}"
EndProject
Project("{FAE04EC0-301F-11D3-BF4B-00C04F79EFBC}") = "WineParser.Tests", "WineParser.Tests\WineParser.Tests.csproj", "{62141CDF-D77E-463C-9B4C-C8360E31524A}"
EndProject
Global
	GlobalSection(SolutionConfigurationPlatforms) = preSolution
		Debug|Any CPU = Debug|Any CPU
		Release|Any CPU = Release|Any CPU
	EndGlobalSection
	GlobalSection(ProjectConfigurationPlatforms) = postSolution
		{4ED093B5-BB6A-48A1-BA2D-5ED68DF0D95B}.Debug|Any CPU.ActiveCfg = Debug|Any CPU
		{4ED093B5-BB6A-48A1-BA2D-5ED68DF0D95B}.Debug|Any CPU.Build.0 = Debug|Any CPU
		{4ED093B5-BB6A-48A1-BA2D-5ED68DF0D95B}.Release|Any CPU.ActiveCfg = Release|Any CPU
		{4ED093B5-BB6A-48A1-BA2D-5ED68DF0D95B}.Release|Any CPU.Build.0 = Release|Any CPU
		{62141CDF-D77E-463C-9B4C-C8360E31524A}.Debug|Any CPU.ActiveCfg = Debug|Any CPU
		{62141CDF-D77E-463C-9B4C-C8360E31524A}.Debug|Any CPU.Build.0 = Debug|Any CPU
		{62141CDF-D77E-463C-9B4C-C8360E31524A}.Release|Any CPU.ActiveCfg = Release|Any CPU
		{62141CDF-D77E-463C-9B4C-C8360E31524A}.Release|Any CPU.Build.0 = Release|Any CPU
	EndGlobalSection
	GlobalSection(SolutionProperties) = preSolution
		HideSolutionNode = FALSE
	EndGlobalSection
	GlobalSection(ExtensibilityGlobals) = postSolution
		SolutionGuid = {ECFE338A-416B-45B9-BD30-1E6796AD599B}
	EndGlobalSection
EndGlobal
